{
  "name": "graphql-auto-generating-cms",
  "version": "2.3.1",
  "lockfileVersion": 1,
  "requires": true,
  "dependencies": {
    "json-loader": {
      "version": "0.5.7",
      "resolved": "https://registry.npmjs.org/json-loader/-/json-loader-0.5.7.tgz",
      "integrity": "sha512-QLPs8Dj7lnf3e3QYS1zkCo+4ZwqOiF9d/nZnYozTISxXWCfNs9yuky5rJw4/W34s7POaNlbZmQGaB5NiXCbP4w==",
      "dev": true
    }
  }
}
